// !$*UTF8*$!
{
	archiveVersion = 1;
	classes = {
	};
	objectVersion = 46;
	objects = {

/* Begin PBXBuildFile section */
		1D3623260D0F684500981E51 /* TimeStashAppDelegate.m in Sources */ = {isa = PBXBuildFile; fileRef = 1D3623250D0F684500981E51 /* TimeStashAppDelegate.m */; };
		1D60589B0D05DD56006BFB54 /* main.m in Sources */ = {isa = PBXBuildFile; fileRef = 29B97316FDCFA39411CA2CEA /* main.m */; };
		1D60589F0D05DD5A006BFB54 /* Foundation.framework in Frameworks */ = {isa = PBXBuildFile; fileRef = 1D30AB110D05D00D00671497 /* Foundation.framework */; };
		1DF5F4E00D08C38300B7A737 /* UIKit.framework in Frameworks */ = {isa = PBXBuildFile; fileRef = 1DF5F4DF0D08C38300B7A737 /* UIKit.framework */; };
		28193060112F816700ECF9B4 /* TimeStash.xcdatamodeld in Sources */ = {isa = PBXBuildFile; fileRef = 2819305F112F816700ECF9B4 /* TimeStash.xcdatamodeld */; };
		288765A50DF7441C002DB57D /* CoreGraphics.framework in Frameworks */ = {isa = PBXBuildFile; fileRef = 288765A40DF7441C002DB57D /* CoreGraphics.framework */; };
		28AD733F0D9D9553002E5188 /* MainWindow.xib in Resources */ = {isa = PBXBuildFile; fileRef = 28AD733E0D9D9553002E5188 /* MainWindow.xib */; };
		28D801B40F44B63D00FB423F /* CoreData.framework in Frameworks */ = {isa = PBXBuildFile; fileRef = 28D801B30F44B63D00FB423F /* CoreData.framework */; };
		C50E78271250497C00CC2596 /* TrackTimeViewController.m in Sources */ = {isa = PBXBuildFile; fileRef = C50E78251250497C00CC2596 /* TrackTimeViewController.m */; };
		C50E78281250497C00CC2596 /* TrackTimeViewController.xib in Resources */ = {isa = PBXBuildFile; fileRef = C50E78261250497C00CC2596 /* TrackTimeViewController.xib */; };
		C5111B561270C99D006034B0 /* time-stash.png in Resources */ = {isa = PBXBuildFile; fileRef = C5111B551270C99D006034B0 /* time-stash.png */; };
		C5111B641270CBE8006034B0 /* timestash-logo.png in Resources */ = {isa = PBXBuildFile; fileRef = C5111B631270CBE8006034B0 /* timestash-logo.png */; };
		C5111B681270DAF4006034B0 /* timestash-logo-navicon.png in Resources */ = {isa = PBXBuildFile; fileRef = C5111B671270DAF4006034B0 /* timestash-logo-navicon.png */; };
		C5248CF612524F6E00A2A83B /* EntryListViewController.m in Sources */ = {isa = PBXBuildFile; fileRef = C5248CF412524F6E00A2A83B /* EntryListViewController.m */; };
		C5248CF712524F6E00A2A83B /* EntryListViewController.xib in Resources */ = {isa = PBXBuildFile; fileRef = C5248CF512524F6E00A2A83B /* EntryListViewController.xib */; };
		C55FEA5B12506EC900CB3333 /* Default.png in Resources */ = {isa = PBXBuildFile; fileRef = C55FEA5912506EC900CB3333 /* Default.png */; };
		C55FEA5C12506EC900CB3333 /* Icon.png in Resources */ = {isa = PBXBuildFile; fileRef = C55FEA5A12506EC900CB3333 /* Icon.png */; };
		C58FCEBB1261117400263661 /* EntryViewController.m in Sources */ = {isa = PBXBuildFile; fileRef = C58FCEB91261117400263661 /* EntryViewController.m */; };
		C58FCEBC1261117400263661 /* EntryViewController.xib in Resources */ = {isa = PBXBuildFile; fileRef = C58FCEBA1261117400263661 /* EntryViewController.xib */; };
		C5A95A88124E8FA0006ABBB0 /* ApplicationData.m in Sources */ = {isa = PBXBuildFile; fileRef = C5A95A87124E8FA0006ABBB0 /* ApplicationData.m */; };
		C5A95ADE124EA197006ABBB0 /* Activity.m in Sources */ = {isa = PBXBuildFile; fileRef = C5A95ADD124EA197006ABBB0 /* Activity.m */; };
		C5A95AFB124EA5D0006ABBB0 /* ActivityHistory.m in Sources */ = {isa = PBXBuildFile; fileRef = C5A95AFA124EA5D0006ABBB0 /* ActivityHistory.m */; };
		C5B891EB12611F80001DACB1 /* TextFieldViewController.m in Sources */ = {isa = PBXBuildFile; fileRef = C5B891E912611F80001DACB1 /* TextFieldViewController.m */; };
		C5B891EC12611F80001DACB1 /* TextFieldViewController.xib in Resources */ = {isa = PBXBuildFile; fileRef = C5B891EA12611F80001DACB1 /* TextFieldViewController.xib */; };
		C5B892DC12613196001DACB1 /* DatePickerViewController.m in Sources */ = {isa = PBXBuildFile; fileRef = C5B892DB12613196001DACB1 /* DatePickerViewController.m */; };
		C5B892DE126131A0001DACB1 /* DatePickerViewController.xib in Resources */ = {isa = PBXBuildFile; fileRef = C5B892DD126131A0001DACB1 /* DatePickerViewController.xib */; };
		C5B9916E1262106600C42DC7 /* Icon512.png in Resources */ = {isa = PBXBuildFile; fileRef = C5B9916D1262106600C42DC7 /* Icon512.png */; };
		C5D54EFB124FD7E90030FABF /* SummaryTableViewDelegate.m in Sources */ = {isa = PBXBuildFile; fileRef = C5D54EF9124FD7E90030FABF /* SummaryTableViewDelegate.m */; };
		C5F823DE126268A1001547A7 /* button_red-150x45.png in Resources */ = {isa = PBXBuildFile; fileRef = C5F823DD126268A1001547A7 /* button_red-150x45.png */; };
/* End PBXBuildFile section */

/* Begin PBXFileReference section */
		1D30AB110D05D00D00671497 /* Foundation.framework */ = {isa = PBXFileReference; lastKnownFileType = wrapper.framework; name = Foundation.framework; path = System/Library/Frameworks/Foundation.framework; sourceTree = SDKROOT; };
		1D3623240D0F684500981E51 /* TimeStashAppDelegate.h */ = {isa = PBXFileReference; fileEncoding = 4; lastKnownFileType = sourcecode.c.h; path = TimeStashAppDelegate.h; sourceTree = "<group>"; };
		1D3623250D0F684500981E51 /* TimeStashAppDelegate.m */ = {isa = PBXFileReference; fileEncoding = 4; lastKnownFileType = sourcecode.c.objc; path = TimeStashAppDelegate.m; sourceTree = "<group>"; };
		1D6058910D05DD3D006BFB54 /* Time Stash.app */ = {isa = PBXFileReference; explicitFileType = wrapper.application; includeInIndex = 0; path = "Time Stash.app"; sourceTree = BUILT_PRODUCTS_DIR; };
		1DF5F4DF0D08C38300B7A737 /* UIKit.framework */ = {isa = PBXFileReference; lastKnownFileType = wrapper.framework; name = UIKit.framework; path = System/Library/Frameworks/UIKit.framework; sourceTree = SDKROOT; };
		288765A40DF7441C002DB57D /* CoreGraphics.framework */ = {isa = PBXFileReference; lastKnownFileType = wrapper.framework; name = CoreGraphics.framework; path = System/Library/Frameworks/CoreGraphics.framework; sourceTree = SDKROOT; };
		28AD733E0D9D9553002E5188 /* MainWindow.xib */ = {isa = PBXFileReference; lastKnownFileType = file.xib; path = MainWindow.xib; sourceTree = "<group>"; };
		28C3AD890F43EF2300507BA6 /* TimeStash.xcdatamodel */ = {isa = PBXFileReference; fileEncoding = 4; lastKnownFileType = wrapper.xcdatamodel; path = TimeStash.xcdatamodel; sourceTree = "<group>"; };
		28D801B30F44B63D00FB423F /* CoreData.framework */ = {isa = PBXFileReference; lastKnownFileType = wrapper.framework; name = CoreData.framework; path = System/Library/Frameworks/CoreData.framework; sourceTree = SDKROOT; };
		29B97316FDCFA39411CA2CEA /* main.m */ = {isa = PBXFileReference; fileEncoding = 4; lastKnownFileType = sourcecode.c.objc; path = main.m; sourceTree = "<group>"; };
		32CA4F630368D1EE00C91783 /* TimeStash_Prefix.pch */ = {isa = PBXFileReference; fileEncoding = 4; lastKnownFileType = sourcecode.c.h; path = TimeStash_Prefix.pch; sourceTree = "<group>"; };
		8D1107310486CEB800E47090 /* TimeStash-Info.plist */ = {isa = PBXFileReference; fileEncoding = 4; lastKnownFileType = text.plist.xml; path = "TimeStash-Info.plist"; plistStructureDefinitionIdentifier = "com.apple.xcode.plist.structure-definition.iphone.info-plist"; sourceTree = "<group>"; };
		C50E78241250497C00CC2596 /* TrackTimeViewController.h */ = {isa = PBXFileReference; fileEncoding = 4; lastKnownFileType = sourcecode.c.h; path = TrackTimeViewController.h; sourceTree = "<group>"; };
		C50E78251250497C00CC2596 /* TrackTimeViewController.m */ = {isa = PBXFileReference; fileEncoding = 4; lastKnownFileType = sourcecode.c.objc; path = TrackTimeViewController.m; sourceTree = "<group>"; };
		C50E78261250497C00CC2596 /* TrackTimeViewController.xib */ = {isa = PBXFileReference; lastKnownFileType = file.xib; name = TrackTimeViewController.xib; path = Classes/TrackTimeViewController.xib; sourceTree = "<group>"; };
		C5111B551270C99D006034B0 /* time-stash.png */ = {isa = PBXFileReference; lastKnownFileType = image.png; path = "time-stash.png"; sourceTree = "<group>"; };
		C5111B631270CBE8006034B0 /* timestash-logo.png */ = {isa = PBXFileReference; lastKnownFileType = image.png; path = "timestash-logo.png"; sourceTree = "<group>"; };
		C5111B671270DAF4006034B0 /* timestash-logo-navicon.png */ = {isa = PBXFileReference; lastKnownFileType = image.png; path = "timestash-logo-navicon.png"; sourceTree = "<group>"; };
		C5248CF312524F6E00A2A83B /* EntryListViewController.h */ = {isa = PBXFileReference; fileEncoding = 4; lastKnownFileType = sourcecode.c.h; path = EntryListViewController.h; sourceTree = "<group>"; };
		C5248CF412524F6E00A2A83B /* EntryListViewController.m */ = {isa = PBXFileReference; fileEncoding = 4; lastKnownFileType = sourcecode.c.objc; path = EntryListViewController.m; sourceTree = "<group>"; };
		C5248CF512524F6E00A2A83B /* EntryListViewController.xib */ = {isa = PBXFileReference; lastKnownFileType = file.xib; name = EntryListViewController.xib; path = Classes/EntryListViewController.xib; sourceTree = "<group>"; };
		C55FEA5912506EC900CB3333 /* Default.png */ = {isa = PBXFileReference; lastKnownFileType = image.png; path = Default.png; sourceTree = "<group>"; };
		C55FEA5A12506EC900CB3333 /* Icon.png */ = {isa = PBXFileReference; lastKnownFileType = image.png; path = Icon.png; sourceTree = "<group>"; };
		C58FCEB81261117400263661 /* EntryViewController.h */ = {isa = PBXFileReference; fileEncoding = 4; lastKnownFileType = sourcecode.c.h; path = EntryViewController.h; sourceTree = "<group>"; };
		C58FCEB91261117400263661 /* EntryViewController.m */ = {isa = PBXFileReference; fileEncoding = 4; lastKnownFileType = sourcecode.c.objc; path = EntryViewController.m; sourceTree = "<group>"; };
		C58FCEBA1261117400263661 /* EntryViewController.xib */ = {isa = PBXFileReference; lastKnownFileType = file.xib; name = EntryViewController.xib; path = Classes/EntryViewController.xib; sourceTree = "<group>"; };
		C5A95A86124E8FA0006ABBB0 /* ApplicationData.h */ = {isa = PBXFileReference; fileEncoding = 4; lastKnownFileType = sourcecode.c.h; path = ApplicationData.h; sourceTree = "<group>"; };
		C5A95A87124E8FA0006ABBB0 /* ApplicationData.m */ = {isa = PBXFileReference; fileEncoding = 4; lastKnownFileType = sourcecode.c.objc; path = ApplicationData.m; sourceTree = "<group>"; };
		C5A95ADC124EA197006ABBB0 /* Activity.h */ = {isa = PBXFileReference; fileEncoding = 4; lastKnownFileType = sourcecode.c.h; path = Activity.h; sourceTree = "<group>"; };
		C5A95ADD124EA197006ABBB0 /* Activity.m */ = {isa = PBXFileReference; fileEncoding = 4; lastKnownFileType = sourcecode.c.objc; path = Activity.m; sourceTree = "<group>"; };
		C5A95AF9124EA5D0006ABBB0 /* ActivityHistory.h */ = {isa = PBXFileReference; fileEncoding = 4; lastKnownFileType = sourcecode.c.h; path = ActivityHistory.h; sourceTree = "<group>"; };
		C5A95AFA124EA5D0006ABBB0 /* ActivityHistory.m */ = {isa = PBXFileReference; fileEncoding = 4; lastKnownFileType = sourcecode.c.objc; path = ActivityHistory.m; sourceTree = "<group>"; };
		C5B891E812611F80001DACB1 /* TextFieldViewController.h */ = {isa = PBXFileReference; fileEncoding = 4; lastKnownFileType = sourcecode.c.h; path = TextFieldViewController.h; sourceTree = "<group>"; };
		C5B891E912611F80001DACB1 /* TextFieldViewController.m */ = {isa = PBXFileReference; fileEncoding = 4; lastKnownFileType = sourcecode.c.objc; path = TextFieldViewController.m; sourceTree = "<group>"; };
		C5B891EA12611F80001DACB1 /* TextFieldViewController.xib */ = {isa = PBXFileReference; lastKnownFileType = file.xib; name = TextFieldViewController.xib; path = Classes/TextFieldViewController.xib; sourceTree = "<group>"; };
		C5B892DA12613196001DACB1 /* DatePickerViewController.h */ = {isa = PBXFileReference; fileEncoding = 4; lastKnownFileType = sourcecode.c.h; path = DatePickerViewController.h; sourceTree = "<group>"; };
		C5B892DB12613196001DACB1 /* DatePickerViewController.m */ = {isa = PBXFileReference; fileEncoding = 4; lastKnownFileType = sourcecode.c.objc; path = DatePickerViewController.m; sourceTree = "<group>"; };
		C5B892DD126131A0001DACB1 /* DatePickerViewController.xib */ = {isa = PBXFileReference; lastKnownFileType = file.xib; name = DatePickerViewController.xib; path = Classes/DatePickerViewController.xib; sourceTree = "<group>"; };
		C5B9916D1262106600C42DC7 /* Icon512.png */ = {isa = PBXFileReference; lastKnownFileType = image.png; path = Icon512.png; sourceTree = "<group>"; };
		C5D54EF8124FD7E90030FABF /* SummaryTableViewDelegate.h */ = {isa = PBXFileReference; fileEncoding = 4; lastKnownFileType = sourcecode.c.h; path = SummaryTableViewDelegate.h; sourceTree = "<group>"; };
		C5D54EF9124FD7E90030FABF /* SummaryTableViewDelegate.m */ = {isa = PBXFileReference; fileEncoding = 4; lastKnownFileType = sourcecode.c.objc; path = SummaryTableViewDelegate.m; sourceTree = "<group>"; };
		C5F823DD126268A1001547A7 /* button_red-150x45.png */ = {isa = PBXFileReference; lastKnownFileType = image.png; path = "button_red-150x45.png"; sourceTree = "<group>"; };
/* End PBXFileReference section */

/* Begin PBXFrameworksBuildPhase section */
		1D60588F0D05DD3D006BFB54 /* Frameworks */ = {
			isa = PBXFrameworksBuildPhase;
			buildActionMask = 2147483647;
			files = (
				1D60589F0D05DD5A006BFB54 /* Foundation.framework in Frameworks */,
				1DF5F4E00D08C38300B7A737 /* UIKit.framework in Frameworks */,
				288765A50DF7441C002DB57D /* CoreGraphics.framework in Frameworks */,
				28D801B40F44B63D00FB423F /* CoreData.framework in Frameworks */,
			);
			runOnlyForDeploymentPostprocessing = 0;
		};
/* End PBXFrameworksBuildPhase section */

/* Begin PBXGroup section */
		080E96DDFE201D6D7F000001 /* Classes */ = {
			isa = PBXGroup;
			children = (
				C5A95A86124E8FA0006ABBB0 /* ApplicationData.h */,
				C5A95A87124E8FA0006ABBB0 /* ApplicationData.m */,
				C5A95AF9124EA5D0006ABBB0 /* ActivityHistory.h */,
				C5A95AFA124EA5D0006ABBB0 /* ActivityHistory.m */,
				1D3623240D0F684500981E51 /* TimeStashAppDelegate.h */,
				1D3623250D0F684500981E51 /* TimeStashAppDelegate.m */,
				C50E78241250497C00CC2596 /* TrackTimeViewController.h */,
				C50E78251250497C00CC2596 /* TrackTimeViewController.m */,
				C5D54EF8124FD7E90030FABF /* SummaryTableViewDelegate.h */,
				C5D54EF9124FD7E90030FABF /* SummaryTableViewDelegate.m */,
				C5248CF312524F6E00A2A83B /* EntryListViewController.h */,
				C5248CF412524F6E00A2A83B /* EntryListViewController.m */,
				C58FCEB81261117400263661 /* EntryViewController.h */,
				C58FCEB91261117400263661 /* EntryViewController.m */,
				C5B891E712611F43001DACB1 /* Reusable Controllers */,
			);
			path = Classes;
			sourceTree = "<group>";
		};
		19C28FACFE9D520D11CA2CBB /* Products */ = {
			isa = PBXGroup;
			children = (
				1D6058910D05DD3D006BFB54 /* Time Stash.app */,
			);
			name = Products;
			sourceTree = "<group>";
		};
		29B97314FDCFA39411CA2CEA /* CustomTemplate */ = {
			isa = PBXGroup;
			children = (
				080E96DDFE201D6D7F000001 /* Classes */,
				29B97315FDCFA39411CA2CEA /* Other Sources */,
				29B97317FDCFA39411CA2CEA /* Resources */,
				29B97323FDCFA39411CA2CEA /* Frameworks */,
				19C28FACFE9D520D11CA2CBB /* Products */,
			);
			name = CustomTemplate;
			sourceTree = "<group>";
		};
		29B97315FDCFA39411CA2CEA /* Other Sources */ = {
			isa = PBXGroup;
			children = (
				32CA4F630368D1EE00C91783 /* TimeStash_Prefix.pch */,
				29B97316FDCFA39411CA2CEA /* main.m */,
			);
			name = "Other Sources";
			sourceTree = "<group>";
		};
		29B97317FDCFA39411CA2CEA /* Resources */ = {
			isa = PBXGroup;
			children = (
				C5111B671270DAF4006034B0 /* timestash-logo-navicon.png */,
				C5111B631270CBE8006034B0 /* timestash-logo.png */,
				C5111B551270C99D006034B0 /* time-stash.png */,
				C5F823DD126268A1001547A7 /* button_red-150x45.png */,
				C5B9916D1262106600C42DC7 /* Icon512.png */,
				C55FEA5912506EC900CB3333 /* Default.png */,
				C55FEA5A12506EC900CB3333 /* Icon.png */,
				2819305F112F816700ECF9B4 /* TimeStash.xcdatamodeld */,
				28AD733E0D9D9553002E5188 /* MainWindow.xib */,
				C50E78261250497C00CC2596 /* TrackTimeViewController.xib */,
				C5248CF512524F6E00A2A83B /* EntryListViewController.xib */,
				C58FCEBA1261117400263661 /* EntryViewController.xib */,
				C5B891ED12611F8C001DACB1 /* Reusable Views */,
				8D1107310486CEB800E47090 /* TimeStash-Info.plist */,
			);
			name = Resources;
			sourceTree = "<group>";
		};
		29B97323FDCFA39411CA2CEA /* Frameworks */ = {
			isa = PBXGroup;
			children = (
				1DF5F4DF0D08C38300B7A737 /* UIKit.framework */,
				1D30AB110D05D00D00671497 /* Foundation.framework */,
				288765A40DF7441C002DB57D /* CoreGraphics.framework */,
				28D801B30F44B63D00FB423F /* CoreData.framework */,
			);
			name = Frameworks;
			sourceTree = "<group>";
		};
		C5B891E712611F43001DACB1 /* Reusable Controllers */ = {
			isa = PBXGroup;
			children = (
				C5B892DA12613196001DACB1 /* DatePickerViewController.h */,
				C5B892DB12613196001DACB1 /* DatePickerViewController.m */,
				C5B891E812611F80001DACB1 /* TextFieldViewController.h */,
				C5B891E912611F80001DACB1 /* TextFieldViewController.m */,
			);
			name = "Reusable Controllers";
			sourceTree = "<group>";
		};
		C5B891ED12611F8C001DACB1 /* Reusable Views */ = {
			isa = PBXGroup;
			children = (
				C5B892DD126131A0001DACB1 /* DatePickerViewController.xib */,
				C5B891EA12611F80001DACB1 /* TextFieldViewController.xib */,
			);
			name = "Reusable Views";
			sourceTree = "<group>";
		};
/* End PBXGroup section */

/* Begin PBXNativeTarget section */
		1D6058900D05DD3D006BFB54 /* TimeStash */ = {
			isa = PBXNativeTarget;
			buildConfigurationList = 1D6058960D05DD3E006BFB54 /* Build configuration list for PBXNativeTarget "TimeStash" */;
			buildPhases = (
				1D60588D0D05DD3D006BFB54 /* Resources */,
				1D60588E0D05DD3D006BFB54 /* Sources */,
				1D60588F0D05DD3D006BFB54 /* Frameworks */,
			);
			buildRules = (
			);
			dependencies = (
			);
			name = TimeStash;
			productName = TimeLog;
			productReference = 1D6058910D05DD3D006BFB54 /* Time Stash.app */;
			productType = "com.apple.product-type.application";
		};
/* End PBXNativeTarget section */

/* Begin PBXProject section */
		29B97313FDCFA39411CA2CEA /* Project object */ = {
			isa = PBXProject;
			attributes = {
				ORGANIZATIONNAME = "Freshness & Co.";
			};
			buildConfigurationList = C01FCF4E08A954540054247B /* Build configuration list for PBXProject "TimeStash" */;
			compatibilityVersion = "Xcode 3.2";
			developmentRegion = English;
			hasScannedForEncodings = 1;
			knownRegions = (
				English,
				Japanese,
				French,
				German,
			);
			mainGroup = 29B97314FDCFA39411CA2CEA /* CustomTemplate */;
			projectDirPath = "";
			projectRoot = "";
			targets = (
				1D6058900D05DD3D006BFB54 /* TimeStash */,
			);
		};
/* End PBXProject section */

/* Begin PBXResourcesBuildPhase section */
		1D60588D0D05DD3D006BFB54 /* Resources */ = {
			isa = PBXResourcesBuildPhase;
			buildActionMask = 2147483647;
			files = (
				28AD733F0D9D9553002E5188 /* MainWindow.xib in Resources */,
				C50E78281250497C00CC2596 /* TrackTimeViewController.xib in Resources */,
				C55FEA5B12506EC900CB3333 /* Default.png in Resources */,
				C55FEA5C12506EC900CB3333 /* Icon.png in Resources */,
				C5248CF712524F6E00A2A83B /* EntryListViewController.xib in Resources */,
				C58FCEBC1261117400263661 /* EntryViewController.xib in Resources */,
				C5B891EC12611F80001DACB1 /* TextFieldViewController.xib in Resources */,
				C5B892DE126131A0001DACB1 /* DatePickerViewController.xib in Resources */,
				C5B9916E1262106600C42DC7 /* Icon512.png in Resources */,
				C5F823DE126268A1001547A7 /* button_red-150x45.png in Resources */,
				C5111B561270C99D006034B0 /* time-stash.png in Resources */,
				C5111B641270CBE8006034B0 /* timestash-logo.png in Resources */,
				C5111B681270DAF4006034B0 /* timestash-logo-navicon.png in Resources */,
			);
			runOnlyForDeploymentPostprocessing = 0;
		};
/* End PBXResourcesBuildPhase section */

/* Begin PBXSourcesBuildPhase section */
		1D60588E0D05DD3D006BFB54 /* Sources */ = {
			isa = PBXSourcesBuildPhase;
			buildActionMask = 2147483647;
			files = (
				1D60589B0D05DD56006BFB54 /* main.m in Sources */,
				1D3623260D0F684500981E51 /* TimeStashAppDelegate.m in Sources */,
				28193060112F816700ECF9B4 /* TimeStash.xcdatamodeld in Sources */,
				C5A95A88124E8FA0006ABBB0 /* ApplicationData.m in Sources */,
				C5A95ADE124EA197006ABBB0 /* Activity.m in Sources */,
				C5A95AFB124EA5D0006ABBB0 /* ActivityHistory.m in Sources */,
				C5D54EFB124FD7E90030FABF /* SummaryTableViewDelegate.m in Sources */,
				C50E78271250497C00CC2596 /* TrackTimeViewController.m in Sources */,
				C5248CF612524F6E00A2A83B /* EntryListViewController.m in Sources */,
				C58FCEBB1261117400263661 /* EntryViewController.m in Sources */,
				C5B891EB12611F80001DACB1 /* TextFieldViewController.m in Sources */,
				C5B892DC12613196001DACB1 /* DatePickerViewController.m in Sources */,
			);
			runOnlyForDeploymentPostprocessing = 0;
		};
/* End PBXSourcesBuildPhase section */

/* Begin XCBuildConfiguration section */
		1D6058940D05DD3E006BFB54 /* Debug */ = {
			isa = XCBuildConfiguration;
			buildSettings = {
				ALWAYS_SEARCH_USER_PATHS = NO;
				COPY_PHASE_STRIP = NO;
				GCC_DYNAMIC_NO_PIC = NO;
				GCC_OPTIMIZATION_LEVEL = 0;
				GCC_PRECOMPILE_PREFIX_HEADER = YES;
				GCC_PREFIX_HEADER = TimeStash_Prefix.pch;
				INFOPLIST_FILE = "TimeStash-Info.plist";
				PRODUCT_NAME = "Time Stash";
			};
			name = Debug;
		};
		1D6058950D05DD3E006BFB54 /* Release */ = {
			isa = XCBuildConfiguration;
			buildSettings = {
				ALWAYS_SEARCH_USER_PATHS = NO;
				COPY_PHASE_STRIP = YES;
				GCC_PRECOMPILE_PREFIX_HEADER = YES;
				GCC_PREFIX_HEADER = TimeStash_Prefix.pch;
				INFOPLIST_FILE = "TimeStash-Info.plist";
				PRODUCT_NAME = "Time Stash";
				VALIDATE_PRODUCT = YES;
			};
			name = Release;
		};
		C01FCF4F08A954540054247B /* Debug */ = {
			isa = XCBuildConfiguration;
			buildSettings = {
				ARCHS = "$(ARCHS_STANDARD_32_BIT)";
				"CODE_SIGN_IDENTITY[sdk=iphoneos*]" = "iPhone Developer";
				GCC_C_LANGUAGE_STANDARD = c99;
				GCC_PREPROCESSOR_DEFINITIONS = DEBUG;
				GCC_WARN_ABOUT_RETURN_TYPE = YES;
				GCC_WARN_UNUSED_VARIABLE = YES;
				PREBINDING = NO;
				"PROVISIONING_PROFILE[sdk=iphoneos*]" = "";
				SDKROOT = iphoneos4.1;
			};
			name = Debug;
		};
		C01FCF5008A954540054247B /* Release */ = {
			isa = XCBuildConfiguration;
			buildSettings = {
				ARCHS = "$(ARCHS_STANDARD_32_BIT)";
				"CODE_SIGN_IDENTITY[sdk=iphoneos*]" = "iPhone Developer";
				GCC_C_LANGUAGE_STANDARD = c99;
				GCC_WARN_ABOUT_RETURN_TYPE = YES;
				GCC_WARN_UNUSED_VARIABLE = YES;
				OTHER_CFLAGS = "-DNS_BLOCK_ASSERTIONS=1";
				PREBINDING = NO;
				"PROVISIONING_PROFILE[sdk=iphoneos*]" = "";
				SDKROOT = iphoneos4.1;
			};
			name = Release;
		};
		C5F3185A12619711003A5A70 /* Distribution */ = {
			isa = XCBuildConfiguration;
			buildSettings = {
				ARCHS = "$(ARCHS_STANDARD_32_BIT)";
				"CODE_SIGN_IDENTITY[sdk=iphoneos*]" = "iPhone Distribution: Alexander Bird";
				GCC_C_LANGUAGE_STANDARD = c99;
				GCC_WARN_ABOUT_RETURN_TYPE = YES;
				GCC_WARN_UNUSED_VARIABLE = YES;
				OTHER_CFLAGS = "-DNS_BLOCK_ASSERTIONS=1";
				PREBINDING = NO;
				"PROVISIONING_PROFILE[sdk=iphoneos*]" = "444360E8-3C8E-4FE7-9E79-C525B9242884";
				SDKROOT = iphoneos4.1;
			};
			name = Distribution;
		};
		C5F3185B12619711003A5A70 /* Distribution */ = {
			isa = XCBuildConfiguration;
			buildSettings = {
				ALWAYS_SEARCH_USER_PATHS = NO;
				COPY_PHASE_STRIP = YES;
				GCC_PRECOMPILE_PREFIX_HEADER = YES;
				GCC_PREFIX_HEADER = TimeStash_Prefix.pch;
				INFOPLIST_FILE = "TimeStash-Info.plist";
				PRODUCT_NAME = "Time Stash";
				VALIDATE_PRODUCT = YES;
			};
			name = Distribution;
		};
/* End XCBuildConfiguration section */

/* Begin XCConfigurationList section */
		1D6058960D05DD3E006BFB54 /* Build configuration list for PBXNativeTarget "TimeStash" */ = {
			isa = XCConfigurationList;
			buildConfigurations = (
				1D6058940D05DD3E006BFB54 /* Debug */,
				1D6058950D05DD3E006BFB54 /* Release */,
				C5F3185B12619711003A5A70 /* Distribution */,
			);
			defaultConfigurationIsVisible = 0;
			defaultConfigurationName = Release;
		};
		C01FCF4E08A954540054247B /* Build configuration list for PBXProject "TimeStash" */ = {
			isa = XCConfigurationList;
			buildConfigurations = (
				C01FCF4F08A954540054247B /* Debug */,
				C01FCF5008A954540054247B /* Release */,
				C5F3185A12619711003A5A70 /* Distribution */,
			);
			defaultConfigurationIsVisible = 0;
			defaultConfigurationName = Release;
		};
/* End XCConfigurationList section */

/* Begin XCVersionGroup section */
		2819305F112F816700ECF9B4 /* TimeStash.xcdatamodeld */ = {
			isa = XCVersionGroup;
			children = (
				28C3AD890F43EF2300507BA6 /* TimeStash.xcdatamodel */,
				C5A95ADC124EA197006ABBB0 /* Activity.h */,
				C5A95ADD124EA197006ABBB0 /* Activity.m */,
			);
			currentVersion = 28C3AD890F43EF2300507BA6 /* TimeStash.xcdatamodel */;
			path = TimeStash.xcdatamodeld;
			sourceTree = "<group>";
			versionGroupType = wrapper.xcdatamodel;
		};
/* End XCVersionGroup section */
	};
	rootObject = 29B97313FDCFA39411CA2CEA /* Project object */;
}
